
Microsoft Visual Studio Solution File, Format Version 12.00
# Visual Studio Version 17
VisualStudioVersion = 17.8.34330.188
MinimumVisualStudioVersion = 10.0.40219.1
Project("{FAE04EC0-301F-11D3-BF4B-00C04F79EFBC}") = "BlazorApp1", "BlazorApp1\BlazorApp1\BlazorApp1.csproj", "{2066A753-6889-4D7C-9518-5A73C095AC1B}"
EndProject
Project("{FAE04EC0-301F-11D3-BF4B-00C04F79EFBC}") = "BlazorApp1.Client", "BlazorApp1\BlazorApp1.Client\BlazorApp1.Client.csproj", "{1E4779B4-989B-4CDC-9150-737A0921EF09}"
EndProject
Global
	GlobalSection(SolutionConfigurationPlatforms) = preSolution
		Debug|Any CPU = Debug|Any CPU
		Release|Any CPU = Release|Any CPU
	EndGlobalSection
	GlobalSection(ProjectConfigurationPlatforms) = postSolution
		{2066A753-6889-4D7C-9518-5A73C095AC1B}.Debug|Any CPU.ActiveCfg = Debug|Any CPU
		{2066A753-6889-4D7C-9518-5A73C095AC1B}.Debug|Any CPU.Build.0 = Debug|Any CPU
		{2066A753-6889-4D7C-9518-5A73C095AC1B}.Release|Any CPU.ActiveCfg = Release|Any CPU
		{2066A753-6889-4D7C-9518-5A73C095AC1B}.Release|Any CPU.Build.0 = Release|Any CPU
		{1E4779B4-989B-4CDC-9150-737A0921EF09}.Debug|Any CPU.ActiveCfg = Debug|Any CPU
		{1E4779B4-989B-4CDC-9150-737A0921EF09}.Debug|Any CPU.Build.0 = Debug|Any CPU
		{1E4779B4-989B-4CDC-9150-737A0921EF09}.Release|Any CPU.ActiveCfg = Release|Any CPU
		{1E4779B4-989B-4CDC-9150-737A0921EF09}.Release|Any CPU.Build.0 = Release|Any CPU
	EndGlobalSection
	GlobalSection(SolutionProperties) = preSolution
		HideSolutionNode = FALSE
	EndGlobalSection
	GlobalSection(ExtensibilityGlobals) = postSolution
		SolutionGuid = {3FCA37A0-018B-4485-9992-8ABD7D9F97E7}
	EndGlobalSection
EndGlobal
